
Microsoft Visual Studio Solution File, Format Version 12.00
# Visual Studio Version 16
VisualStudioVersion = 16.0.30717.126
MinimumVisualStudioVersion = 10.0.40219.1
Project("{9A19103F-16F7-4668-BE54-9A1E7A4F7556}") = "Web", "Web\Web.csproj", "{A34A0F55-24D6-4060-B7D0-28293135EDFB}"
EndProject
Project("{FAE04EC0-301F-11D3-BF4B-00C04F79EFBC}") = "Core", "Core\Core.csproj", "{64DA0282-117F-415E-92C2-23611C94FF4E}"
EndProject
Global
	GlobalSection(SolutionConfigurationPlatforms) = preSolution
		Debug|Any CPU = Debug|Any CPU
		Release|Any CPU = Release|Any CPU
	EndGlobalSection
	GlobalSection(ProjectConfigurationPlatforms) = postSolution
		{A34A0F55-24D6-4060-B7D0-28293135EDFB}.Debug|Any CPU.ActiveCfg = Debug|Any CPU
		{A34A0F55-24D6-4060-B7D0-28293135EDFB}.Debug|Any CPU.Build.0 = Debug|Any CPU
		{A34A0F55-24D6-4060-B7D0-28293135EDFB}.Release|Any CPU.ActiveCfg = Release|Any CPU
		{A34A0F55-24D6-4060-B7D0-28293135EDFB}.Release|Any CPU.Build.0 = Release|Any CPU
		{64DA0282-117F-415E-92C2-23611C94FF4E}.Debug|Any CPU.ActiveCfg = Debug|Any CPU
		{64DA0282-117F-415E-92C2-23611C94FF4E}.Debug|Any CPU.Build.0 = Debug|Any CPU
		{64DA0282-117F-415E-92C2-23611C94FF4E}.Release|Any CPU.ActiveCfg = Release|Any CPU
		{64DA0282-117F-415E-92C2-23611C94FF4E}.Release|Any CPU.Build.0 = Release|Any CPU
	EndGlobalSection
	GlobalSection(SolutionProperties) = preSolution
		HideSolutionNode = FALSE
	EndGlobalSection
	GlobalSection(ExtensibilityGlobals) = postSolution
		SolutionGuid = {E68BCAEB-6D84-4F80-8F92-73580374C514}
	EndGlobalSection
EndGlobal
